
Microsoft Visual Studio Solution File, Format Version 12.00
# Visual Studio Version 17
VisualStudioVersion = 17.14.36408.4 d17.14
MinimumVisualStudioVersion = 10.0.40219.1
Project("{FAE04EC0-301F-11D3-BF4B-00C04F79EFBC}") = "P76144176_OOP_1", "P76144176_OOP_1.csproj", "{65DA7DD2-0FDB-4F9E-A704-D6E69E82C3E6}"
EndProject
Global
	GlobalSection(SolutionConfigurationPlatforms) = preSolution
		Debug|Any CPU = Debug|Any CPU
		Release|Any CPU = Release|Any CPU
	EndGlobalSection
	GlobalSection(ProjectConfigurationPlatforms) = postSolution
		{65DA7DD2-0FDB-4F9E-A704-D6E69E82C3E6}.Debug|Any CPU.ActiveCfg = Debug|Any CPU
		{65DA7DD2-0FDB-4F9E-A704-D6E69E82C3E6}.Debug|Any CPU.Build.0 = Debug|Any CPU
		{65DA7DD2-0FDB-4F9E-A704-D6E69E82C3E6}.Release|Any CPU.ActiveCfg = Release|Any CPU
		{65DA7DD2-0FDB-4F9E-A704-D6E69E82C3E6}.Release|Any CPU.Build.0 = Release|Any CPU
	EndGlobalSection
	GlobalSection(SolutionProperties) = preSolution
		HideSolutionNode = FALSE
	EndGlobalSection
	GlobalSection(ExtensibilityGlobals) = postSolution
		SolutionGuid = {9FBB45F1-8C63-4BEE-8F6B-5BA3A58F7CAC}
	EndGlobalSection
EndGlobal
