
Microsoft Visual Studio Solution File, Format Version 12.00
# Visual Studio Version 17
VisualStudioVersion = 17.14.36623.8 d17.14
MinimumVisualStudioVersion = 10.0.40219.1
Project("{FAE04EC0-301F-11D3-BF4B-00C04F79EFBC}") = "C#_WF_P76144176", "C#_WF_P76144176.csproj", "{CE3F2249-5910-4F02-A015-7D2CEED46447}"
EndProject
Global
	GlobalSection(SolutionConfigurationPlatforms) = preSolution
		Debug|Any CPU = Debug|Any CPU
		Release|Any CPU = Release|Any CPU
	EndGlobalSection
	GlobalSection(ProjectConfigurationPlatforms) = postSolution
		{CE3F2249-5910-4F02-A015-7D2CEED46447}.Debug|Any CPU.ActiveCfg = Debug|Any CPU
		{CE3F2249-5910-4F02-A015-7D2CEED46447}.Debug|Any CPU.Build.0 = Debug|Any CPU
		{CE3F2249-5910-4F02-A015-7D2CEED46447}.Release|Any CPU.ActiveCfg = Release|Any CPU
		{CE3F2249-5910-4F02-A015-7D2CEED46447}.Release|Any CPU.Build.0 = Release|Any CPU
	EndGlobalSection
	GlobalSection(SolutionProperties) = preSolution
		HideSolutionNode = FALSE
	EndGlobalSection
	GlobalSection(ExtensibilityGlobals) = postSolution
		SolutionGuid = {4FCA9D07-BDEA-4655-B60E-EF53FC3EE98F}
	EndGlobalSection
EndGlobal
